// !$*UTF8*$!
{
	archiveVersion = 1;
	classes = {
	};
	objectVersion = 51;
	objects = {

/* Begin PBXBuildFile section */
		474412A6240F5FD80041F830 /* GoogleService-Info.plist in Resources */ = {isa = PBXBuildFile; fileRef = 474412A5240F5FD70041F830 /* GoogleService-Info.plist */; };
		47C6272224133CA2003D268D /* HomeController.swift in Sources */ = {isa = PBXBuildFile; fileRef = 47C6272124133C9F003D268D /* HomeController.swift */; };
		47F1E53A240B31BA003B8117 /* AppDelegate.swift in Sources */ = {isa = PBXBuildFile; fileRef = 47F1E539240B31BA003B8117 /* AppDelegate.swift */; };
		47F1E53C240B31BA003B8117 /* SceneDelegate.swift in Sources */ = {isa = PBXBuildFile; fileRef = 47F1E53B240B31BA003B8117 /* SceneDelegate.swift */; };
		47F1E543240B31C1003B8117 /* Assets.xcassets in Resources */ = {isa = PBXBuildFile; fileRef = 47F1E542240B31C1003B8117 /* Assets.xcassets */; };
		47F1E546240B31C1003B8117 /* LaunchScreen.storyboard in Resources */ = {isa = PBXBuildFile; fileRef = 47F1E544240B31C1003B8117 /* LaunchScreen.storyboard */; };
		47F1E554240B33AC003B8117 /* LoginController.swift in Sources */ = {isa = PBXBuildFile; fileRef = 47F1E553240B33AC003B8117 /* LoginController.swift */; };
		47F1E556240B4C2E003B8117 /* Extensions.swift in Sources */ = {isa = PBXBuildFile; fileRef = 47F1E555240B4C2E003B8117 /* Extensions.swift */; };
		47F1E558240CAB37003B8117 /* SignUpController.swift in Sources */ = {isa = PBXBuildFile; fileRef = 47F1E557240CAB37003B8117 /* SignUpController.swift */; };
		47F1E55A240CB717003B8117 /* AuthButton.swift in Sources */ = {isa = PBXBuildFile; fileRef = 47F1E559240CB717003B8117 /* AuthButton.swift */; };
		5CF8F14DA60469C3E849F7F3 /* Pods_BM.framework in Frameworks */ = {isa = PBXBuildFile; fileRef = 8E7654996C85C1236B11CDA2 /* Pods_BM.framework */; };
/* End PBXBuildFile section */

/* Begin PBXFileReference section */
		474412A5240F5FD70041F830 /* GoogleService-Info.plist */ = {isa = PBXFileReference; lastKnownFileType = text.plist; path = "GoogleService-Info.plist"; sourceTree = SOURCE_ROOT; };
		47C6272124133C9F003D268D /* HomeController.swift */ = {isa = PBXFileReference; lastKnownFileType = sourcecode.swift; path = HomeController.swift; sourceTree = "<group>"; };
		47F1E536240B31BA003B8117 /* BM.app */ = {isa = PBXFileReference; explicitFileType = wrapper.application; includeInIndex = 0; path = BM.app; sourceTree = BUILT_PRODUCTS_DIR; };
		47F1E539240B31BA003B8117 /* AppDelegate.swift */ = {isa = PBXFileReference; lastKnownFileType = sourcecode.swift; path = AppDelegate.swift; sourceTree = "<group>"; };
		47F1E53B240B31BA003B8117 /* SceneDelegate.swift */ = {isa = PBXFileReference; lastKnownFileType = sourcecode.swift; path = SceneDelegate.swift; sourceTree = "<group>"; };
		47F1E542240B31C1003B8117 /* Assets.xcassets */ = {isa = PBXFileReference; lastKnownFileType = folder.assetcatalog; path = Assets.xcassets; sourceTree = "<group>"; };
		47F1E545240B31C1003B8117 /* Base */ = {isa = PBXFileReference; lastKnownFileType = file.storyboard; name = Base; path = Base.lproj/LaunchScreen.storyboard; sourceTree = "<group>"; };
		47F1E547240B31C1003B8117 /* Info.plist */ = {isa = PBXFileReference; lastKnownFileType = text.plist.xml; path = Info.plist; sourceTree = "<group>"; };
		47F1E553240B33AC003B8117 /* LoginController.swift */ = {isa = PBXFileReference; lastKnownFileType = sourcecode.swift; path = LoginController.swift; sourceTree = "<group>"; };
		47F1E555240B4C2E003B8117 /* Extensions.swift */ = {isa = PBXFileReference; lastKnownFileType = sourcecode.swift; path = Extensions.swift; sourceTree = "<group>"; };
		47F1E557240CAB37003B8117 /* SignUpController.swift */ = {isa = PBXFileReference; lastKnownFileType = sourcecode.swift; path = SignUpController.swift; sourceTree = "<group>"; };
		47F1E559240CB717003B8117 /* AuthButton.swift */ = {isa = PBXFileReference; lastKnownFileType = sourcecode.swift; path = AuthButton.swift; sourceTree = "<group>"; };
		8902C2F67CB419FBB91F3B60 /* Pods-BM.debug.xcconfig */ = {isa = PBXFileReference; includeInIndex = 1; lastKnownFileType = text.xcconfig; name = "Pods-BM.debug.xcconfig"; path = "Target Support Files/Pods-BM/Pods-BM.debug.xcconfig"; sourceTree = "<group>"; };
		8E7654996C85C1236B11CDA2 /* Pods_BM.framework */ = {isa = PBXFileReference; explicitFileType = wrapper.framework; includeInIndex = 0; path = Pods_BM.framework; sourceTree = BUILT_PRODUCTS_DIR; };
		E04E6C60838551455B9F6BF7 /* Pods-BM.release.xcconfig */ = {isa = PBXFileReference; includeInIndex = 1; lastKnownFileType = text.xcconfig; name = "Pods-BM.release.xcconfig"; path = "Target Support Files/Pods-BM/Pods-BM.release.xcconfig"; sourceTree = "<group>"; };
/* End PBXFileReference section */

/* Begin PBXFrameworksBuildPhase section */
		47F1E533240B31BA003B8117 /* Frameworks */ = {
			isa = PBXFrameworksBuildPhase;
			buildActionMask = 2147483647;
			files = (
				5CF8F14DA60469C3E849F7F3 /* Pods_BM.framework in Frameworks */,
			);
			runOnlyForDeploymentPostprocessing = 0;
		};
/* End PBXFrameworksBuildPhase section */

/* Begin PBXGroup section */
		0B38E5D586CC837A2CFAB0B7 /* Pods */ = {
			isa = PBXGroup;
			children = (
				8902C2F67CB419FBB91F3B60 /* Pods-BM.debug.xcconfig */,
				E04E6C60838551455B9F6BF7 /* Pods-BM.release.xcconfig */,
			);
			path = Pods;
			sourceTree = "<group>";
		};
		47F1E52D240B31BA003B8117 = {
			isa = PBXGroup;
			children = (
				47F1E538240B31BA003B8117 /* BM */,
				47F1E537240B31BA003B8117 /* Products */,
				0B38E5D586CC837A2CFAB0B7 /* Pods */,
				55460F3DB579A59073128676 /* Frameworks */,
			);
			sourceTree = "<group>";
		};
		47F1E537240B31BA003B8117 /* Products */ = {
			isa = PBXGroup;
			children = (
				47F1E536240B31BA003B8117 /* BM.app */,
			);
			name = Products;
			sourceTree = "<group>";
		};
		47F1E538240B31BA003B8117 /* BM */ = {
			isa = PBXGroup;
			children = (
				47F1E552240B3258003B8117 /* Model */,
				47F1E551240B3247003B8117 /* View */,
				47F1E550240B3241003B8117 /* Controller */,
				47F1E54F240B323E003B8117 /* Service */,
				47F1E54D240B322F003B8117 /* Utills */,
				47F1E539240B31BA003B8117 /* AppDelegate.swift */,
				47F1E53B240B31BA003B8117 /* SceneDelegate.swift */,
				47F1E542240B31C1003B8117 /* Assets.xcassets */,
				47F1E544240B31C1003B8117 /* LaunchScreen.storyboard */,
				474412A5240F5FD70041F830 /* GoogleService-Info.plist */,
				47F1E547240B31C1003B8117 /* Info.plist */,
			);
			path = BM;
			sourceTree = "<group>";
		};
		47F1E54D240B322F003B8117 /* Utills */ = {
			isa = PBXGroup;
			children = (
				47F1E555240B4C2E003B8117 /* Extensions.swift */,
			);
			path = Utills;
			sourceTree = "<group>";
		};
		47F1E54F240B323E003B8117 /* Service */ = {
			isa = PBXGroup;
			children = (
			);
			path = Service;
			sourceTree = "<group>";
		};
		47F1E550240B3241003B8117 /* Controller */ = {
			isa = PBXGroup;
			children = (
				47F1E553240B33AC003B8117 /* LoginController.swift */,
				47F1E557240CAB37003B8117 /* SignUpController.swift */,
				47C6272124133C9F003D268D /* HomeController.swift */,
			);
			path = Controller;
			sourceTree = "<group>";
		};
		47F1E551240B3247003B8117 /* View */ = {
			isa = PBXGroup;
			children = (
				47F1E559240CB717003B8117 /* AuthButton.swift */,
			);
			path = View;
			sourceTree = "<group>";
		};
		47F1E552240B3258003B8117 /* Model */ = {
			isa = PBXGroup;
			children = (
			);
			path = Model;
			sourceTree = "<group>";
		};
		55460F3DB579A59073128676 /* Frameworks */ = {
			isa = PBXGroup;
			children = (
				8E7654996C85C1236B11CDA2 /* Pods_BM.framework */,
			);
			name = Frameworks;
			sourceTree = "<group>";
		};
/* End PBXGroup section */

/* Begin PBXNativeTarget section */
		47F1E535240B31BA003B8117 /* BM */ = {
			isa = PBXNativeTarget;
			buildConfigurationList = 47F1E54A240B31C1003B8117 /* Build configuration list for PBXNativeTarget "BM" */;
			buildPhases = (
				3E4FA234E3D99F2F9615B44A /* [CP] Check Pods Manifest.lock */,
				47F1E532240B31BA003B8117 /* Sources */,
				47F1E533240B31BA003B8117 /* Frameworks */,
				47F1E534240B31BA003B8117 /* Resources */,
				9DDD4BA4A2E6CC7B3663848D /* [CP] Embed Pods Frameworks */,
			);
			buildRules = (
			);
			dependencies = (
			);
			name = BM;
			productName = BM;
			productReference = 47F1E536240B31BA003B8117 /* BM.app */;
			productType = "com.apple.product-type.application";
		};
/* End PBXNativeTarget section */

/* Begin PBXProject section */
		47F1E52E240B31BA003B8117 /* Project object */ = {
			isa = PBXProject;
			attributes = {
				LastSwiftUpdateCheck = 1130;
				LastUpgradeCheck = 1130;
				ORGANIZATIONNAME = Bronzy;
				TargetAttributes = {
					47F1E535240B31BA003B8117 = {
						CreatedOnToolsVersion = 11.3.1;
					};
				};
			};
			buildConfigurationList = 47F1E531240B31BA003B8117 /* Build configuration list for PBXProject "BM" */;
			compatibilityVersion = "Xcode 9.3";
			developmentRegion = en;
			hasScannedForEncodings = 0;
			knownRegions = (
				en,
				Base,
			);
			mainGroup = 47F1E52D240B31BA003B8117;
			productRefGroup = 47F1E537240B31BA003B8117 /* Products */;
			projectDirPath = "";
			projectRoot = "";
			targets = (
				47F1E535240B31BA003B8117 /* BM */,
			);
		};
/* End PBXProject section */

/* Begin PBXResourcesBuildPhase section */
		47F1E534240B31BA003B8117 /* Resources */ = {
			isa = PBXResourcesBuildPhase;
			buildActionMask = 2147483647;
			files = (
				47F1E546240B31C1003B8117 /* LaunchScreen.storyboard in Resources */,
				47F1E543240B31C1003B8117 /* Assets.xcassets in Resources */,
				474412A6240F5FD80041F830 /* GoogleService-Info.plist in Resources */,
			);
			runOnlyForDeploymentPostprocessing = 0;
		};
/* End PBXResourcesBuildPhase section */

/* Begin PBXShellScriptBuildPhase section */
		3E4FA234E3D99F2F9615B44A /* [CP] Check Pods Manifest.lock */ = {
			isa = PBXShellScriptBuildPhase;
			buildActionMask = 2147483647;
			files = (
			);
			inputFileListPaths = (
			);
			inputPaths = (
				"${PODS_PODFILE_DIR_PATH}/Podfile.lock",
				"${PODS_ROOT}/Manifest.lock",
			);
			name = "[CP] Check Pods Manifest.lock";
			outputFileListPaths = (
			);
			outputPaths = (
				"$(DERIVED_FILE_DIR)/Pods-BM-checkManifestLockResult.txt",
			);
			runOnlyForDeploymentPostprocessing = 0;
			shellPath = /bin/sh;
			shellScript = "diff \"${PODS_PODFILE_DIR_PATH}/Podfile.lock\" \"${PODS_ROOT}/Manifest.lock\" > /dev/null\nif [ $? != 0 ] ; then\n    # print error to STDERR\n    echo \"error: The sandbox is not in sync with the Podfile.lock. Run 'pod install' or update your CocoaPods installation.\" >&2\n    exit 1\nfi\n# This output is used by Xcode 'outputs' to avoid re-running this script phase.\necho \"SUCCESS\" > \"${SCRIPT_OUTPUT_FILE_0}\"\n";
			showEnvVarsInLog = 0;
		};
		9DDD4BA4A2E6CC7B3663848D /* [CP] Embed Pods Frameworks */ = {
			isa = PBXShellScriptBuildPhase;
			buildActionMask = 2147483647;
			files = (
			);
			inputFileListPaths = (
				"${PODS_ROOT}/Target Support Files/Pods-BM/Pods-BM-frameworks-${CONFIGURATION}-input-files.xcfilelist",
			);
			name = "[CP] Embed Pods Frameworks";
			outputFileListPaths = (
				"${PODS_ROOT}/Target Support Files/Pods-BM/Pods-BM-frameworks-${CONFIGURATION}-output-files.xcfilelist",
			);
			runOnlyForDeploymentPostprocessing = 0;
			shellPath = /bin/sh;
			shellScript = "\"${PODS_ROOT}/Target Support Files/Pods-BM/Pods-BM-frameworks.sh\"\n";
			showEnvVarsInLog = 0;
		};
/* End PBXShellScriptBuildPhase section */

/* Begin PBXSourcesBuildPhase section */
		47F1E532240B31BA003B8117 /* Sources */ = {
			isa = PBXSourcesBuildPhase;
			buildActionMask = 2147483647;
			files = (
				47F1E558240CAB37003B8117 /* SignUpController.swift in Sources */,
				47F1E55A240CB717003B8117 /* AuthButton.swift in Sources */,
				47C6272224133CA2003D268D /* HomeController.swift in Sources */,
				47F1E53A240B31BA003B8117 /* AppDelegate.swift in Sources */,
				47F1E554240B33AC003B8117 /* LoginController.swift in Sources */,
				47F1E53C240B31BA003B8117 /* SceneDelegate.swift in Sources */,
				47F1E556240B4C2E003B8117 /* Extensions.swift in Sources */,
			);
			runOnlyForDeploymentPostprocessing = 0;
		};
/* End PBXSourcesBuildPhase section */

/* Begin PBXVariantGroup section */
		47F1E544240B31C1003B8117 /* LaunchScreen.storyboard */ = {
			isa = PBXVariantGroup;
			children = (
				47F1E545240B31C1003B8117 /* Base */,
			);
			name = LaunchScreen.storyboard;
			sourceTree = "<group>";
		};
/* End PBXVariantGroup section */

/* Begin XCBuildConfiguration section */
		47F1E548240B31C1003B8117 /* Debug */ = {
			isa = XCBuildConfiguration;
			buildSettings = {
				ALWAYS_SEARCH_USER_PATHS = NO;
				CLANG_ANALYZER_NONNULL = YES;
				CLANG_ANALYZER_NUMBER_OBJECT_CONVERSION = YES_AGGRESSIVE;
				CLANG_CXX_LANGUAGE_STANDARD = "gnu++14";
				CLANG_CXX_LIBRARY = "libc++";
				CLANG_ENABLE_MODULES = YES;
				CLANG_ENABLE_OBJC_ARC = YES;
				CLANG_ENABLE_OBJC_WEAK = YES;
				CLANG_WARN_BLOCK_CAPTURE_AUTORELEASING = YES;
				CLANG_WARN_BOOL_CONVERSION = YES;
				CLANG_WARN_COMMA = YES;
				CLANG_WARN_CONSTANT_CONVERSION = YES;
				CLANG_WARN_DEPRECATED_OBJC_IMPLEMENTATIONS = YES;
				CLANG_WARN_DIRECT_OBJC_ISA_USAGE = YES_ERROR;
				CLANG_WARN_DOCUMENTATION_COMMENTS = YES;
				CLANG_WARN_EMPTY_BODY = YES;
				CLANG_WARN_ENUM_CONVERSION = YES;
				CLANG_WARN_INFINITE_RECURSION = YES;
				CLANG_WARN_INT_CONVERSION = YES;
				CLANG_WARN_NON_LITERAL_NULL_CONVERSION = YES;
				CLANG_WARN_OBJC_IMPLICIT_RETAIN_SELF = YES;
				CLANG_WARN_OBJC_LITERAL_CONVERSION = YES;
				CLANG_WARN_OBJC_ROOT_CLASS = YES_ERROR;
				CLANG_WARN_RANGE_LOOP_ANALYSIS = YES;
				CLANG_WARN_STRICT_PROTOTYPES = YES;
				CLANG_WARN_SUSPICIOUS_MOVE = YES;
				CLANG_WARN_UNGUARDED_AVAILABILITY = YES_AGGRESSIVE;
				CLANG_WARN_UNREACHABLE_CODE = YES;
				CLANG_WARN__DUPLICATE_METHOD_MATCH = YES;
				COPY_PHASE_STRIP = NO;
				DEBUG_INFORMATION_FORMAT = dwarf;
				ENABLE_STRICT_OBJC_MSGSEND = YES;
				ENABLE_TESTABILITY = YES;
				GCC_C_LANGUAGE_STANDARD = gnu11;
				GCC_DYNAMIC_NO_PIC = NO;
				GCC_NO_COMMON_BLOCKS = YES;
				GCC_OPTIMIZATION_LEVEL = 0;
				GCC_PREPROCESSOR_DEFINITIONS = (
					"DEBUG=1",
					"$(inherited)",
				);
				GCC_WARN_64_TO_32_BIT_CONVERSION = YES;
				GCC_WARN_ABOUT_RETURN_TYPE = YES_ERROR;
				GCC_WARN_UNDECLARED_SELECTOR = YES;
				GCC_WARN_UNINITIALIZED_AUTOS = YES_AGGRESSIVE;
				GCC_WARN_UNUSED_FUNCTION = YES;
				GCC_WARN_UNUSED_VARIABLE = YES;
				IPHONEOS_DEPLOYMENT_TARGET = 13.2;
				MTL_ENABLE_DEBUG_INFO = INCLUDE_SOURCE;
				MTL_FAST_MATH = YES;
				ONLY_ACTIVE_ARCH = YES;
				SDKROOT = iphoneos;
				SWIFT_ACTIVE_COMPILATION_CONDITIONS = DEBUG;
				SWIFT_OPTIMIZATION_LEVEL = "-Onone";
			};
			name = Debug;
		};
		47F1E549240B31C1003B8117 /* Release */ = {
			isa = XCBuildConfiguration;
			buildSettings = {
				ALWAYS_SEARCH_USER_PATHS = NO;
				CLANG_ANALYZER_NONNULL = YES;
				CLANG_ANALYZER_NUMBER_OBJECT_CONVERSION = YES_AGGRESSIVE;
				CLANG_CXX_LANGUAGE_STANDARD = "gnu++14";
				CLANG_CXX_LIBRARY = "libc++";
				CLANG_ENABLE_MODULES = YES;
				CLANG_ENABLE_OBJC_ARC = YES;
				CLANG_ENABLE_OBJC_WEAK = YES;
				CLANG_WARN_BLOCK_CAPTURE_AUTORELEASING = YES;
				CLANG_WARN_BOOL_CONVERSION = YES;
				CLANG_WARN_COMMA = YES;
				CLANG_WARN_CONSTANT_CONVERSION = YES;
				CLANG_WARN_DEPRECATED_OBJC_IMPLEMENTATIONS = YES;
				CLANG_WARN_DIRECT_OBJC_ISA_USAGE = YES_ERROR;
				CLANG_WARN_DOCUMENTATION_COMMENTS = YES;
				CLANG_WARN_EMPTY_BODY = YES;
				CLANG_WARN_ENUM_CONVERSION = YES;
				CLANG_WARN_INFINITE_RECURSION = YES;
				CLANG_WARN_INT_CONVERSION = YES;
				CLANG_WARN_NON_LITERAL_NULL_CONVERSION = YES;
				CLANG_WARN_OBJC_IMPLICIT_RETAIN_SELF = YES;
				CLANG_WARN_OBJC_LITERAL_CONVERSION = YES;
				CLANG_WARN_OBJC_ROOT_CLASS = YES_ERROR;
				CLANG_WARN_RANGE_LOOP_ANALYSIS = YES;
				CLANG_WARN_STRICT_PROTOTYPES = YES;
				CLANG_WARN_SUSPICIOUS_MOVE = YES;
				CLANG_WARN_UNGUARDED_AVAILABILITY = YES_AGGRESSIVE;
				CLANG_WARN_UNREACHABLE_CODE = YES;
				CLANG_WARN__DUPLICATE_METHOD_MATCH = YES;
				COPY_PHASE_STRIP = NO;
				DEBUG_INFORMATION_FORMAT = "dwarf-with-dsym";
				ENABLE_NS_ASSERTIONS = NO;
				ENABLE_STRICT_OBJC_MSGSEND = YES;
				GCC_C_LANGUAGE_STANDARD = gnu11;
				GCC_NO_COMMON_BLOCKS = YES;
				GCC_WARN_64_TO_32_BIT_CONVERSION = YES;
				GCC_WARN_ABOUT_RETURN_TYPE = YES_ERROR;
				GCC_WARN_UNDECLARED_SELECTOR = YES;
				GCC_WARN_UNINITIALIZED_AUTOS = YES_AGGRESSIVE;
				GCC_WARN_UNUSED_FUNCTION = YES;
				GCC_WARN_UNUSED_VARIABLE = YES;
				IPHONEOS_DEPLOYMENT_TARGET = 13.2;
				MTL_ENABLE_DEBUG_INFO = NO;
				MTL_FAST_MATH = YES;
				SDKROOT = iphoneos;
				SWIFT_COMPILATION_MODE = wholemodule;
				SWIFT_OPTIMIZATION_LEVEL = "-O";
				VALIDATE_PRODUCT = YES;
			};
			name = Release;
		};
		47F1E54B240B31C1003B8117 /* Debug */ = {
			isa = XCBuildConfiguration;
			baseConfigurationReference = 8902C2F67CB419FBB91F3B60 /* Pods-BM.debug.xcconfig */;
			buildSettings = {
				ASSETCATALOG_COMPILER_APPICON_NAME = AppIcon;
				CODE_SIGN_STYLE = Automatic;
				DEVELOPMENT_TEAM = 77M4HH73F6;
				INFOPLIST_FILE = BM/Info.plist;
				LD_RUNPATH_SEARCH_PATHS = (
					"$(inherited)",
					"@executable_path/Frameworks",
				);
				PRODUCT_BUNDLE_IDENTIFIER = com.bronzy.BM;
				PRODUCT_NAME = "$(TARGET_NAME)";
				SWIFT_VERSION = 5.0;
				TARGETED_DEVICE_FAMILY = "1,2";
			};
			name = Debug;
		};
		47F1E54C240B31C1003B8117 /* Release */ = {
			isa = XCBuildConfiguration;
			baseConfigurationReference = E04E6C60838551455B9F6BF7 /* Pods-BM.release.xcconfig */;
			buildSettings = {
				ASSETCATALOG_COMPILER_APPICON_NAME = AppIcon;
				CODE_SIGN_STYLE = Automatic;
				DEVELOPMENT_TEAM = 77M4HH73F6;
				INFOPLIST_FILE = BM/Info.plist;
				LD_RUNPATH_SEARCH_PATHS = (
					"$(inherited)",
					"@executable_path/Frameworks",
				);
				PRODUCT_BUNDLE_IDENTIFIER = com.bronzy.BM;
				PRODUCT_NAME = "$(TARGET_NAME)";
				SWIFT_VERSION = 5.0;
				TARGETED_DEVICE_FAMILY = "1,2";
			};
			name = Release;
		};
/* End XCBuildConfiguration section */

/* Begin XCConfigurationList section */
		47F1E531240B31BA003B8117 /* Build configuration list for PBXProject "BM" */ = {
			isa = XCConfigurationList;
			buildConfigurations = (
				47F1E548240B31C1003B8117 /* Debug */,
				47F1E549240B31C1003B8117 /* Release */,
			);
			defaultConfigurationIsVisible = 0;
			defaultConfigurationName = Release;
		};
		47F1E54A240B31C1003B8117 /* Build configuration list for PBXNativeTarget "BM" */ = {
			isa = XCConfigurationList;
			buildConfigurations = (
				47F1E54B240B31C1003B8117 /* Debug */,
				47F1E54C240B31C1003B8117 /* Release */,
			);
			defaultConfigurationIsVisible = 0;
			defaultConfigurationName = Release;
		};
/* End XCConfigurationList section */
	};
	rootObject = 47F1E52E240B31BA003B8117 /* Project object */;
}
